
Microsoft Visual Studio Solution File, Format Version 12.00
# Visual Studio Version 17
VisualStudioVersion = 17.1.32104.313
MinimumVisualStudioVersion = 10.0.40219.1
Project("{9A19103F-16F7-4668-BE54-9A1E7A4F7556}") = "SItemModifier", "SItemModifier.csproj", "{6340626D-6CC4-4A9F-9845-08E73F413289}"
EndProject
Global
	GlobalSection(SolutionConfigurationPlatforms) = preSolution
		Debug|Any CPU = Debug|Any CPU
		Release|Any CPU = Release|Any CPU
	EndGlobalSection
	GlobalSection(ProjectConfigurationPlatforms) = postSolution
		{6340626D-6CC4-4A9F-9845-08E73F413289}.Debug|Any CPU.ActiveCfg = Debug|Any CPU
		{6340626D-6CC4-4A9F-9845-08E73F413289}.Debug|Any CPU.Build.0 = Debug|Any CPU
		{6340626D-6CC4-4A9F-9845-08E73F413289}.Release|Any CPU.ActiveCfg = Release|Any CPU
		{6340626D-6CC4-4A9F-9845-08E73F413289}.Release|Any CPU.Build.0 = Release|Any CPU
	EndGlobalSection
	GlobalSection(SolutionProperties) = preSolution
		HideSolutionNode = FALSE
	EndGlobalSection
	GlobalSection(ExtensibilityGlobals) = postSolution
		SolutionGuid = {81167B95-85E2-4F1D-A7B5-7166542D8718}
	EndGlobalSection
EndGlobal
